
Microsoft Visual Studio Solution File, Format Version 12.00
# Visual Studio Version 17
VisualStudioVersion = 17.13.35825.156 d17.13
MinimumVisualStudioVersion = 10.0.40219.1
Project("{FAE04EC0-301F-11D3-BF4B-00C04F79EFBC}") = "lks24", "lks24.csproj", "{28E12421-0367-418E-B31D-B74330A60BBD}"
EndProject
Global
	GlobalSection(SolutionConfigurationPlatforms) = preSolution
		Debug|Any CPU = Debug|Any CPU
		Release|Any CPU = Release|Any CPU
	EndGlobalSection
	GlobalSection(ProjectConfigurationPlatforms) = postSolution
		{28E12421-0367-418E-B31D-B74330A60BBD}.Debug|Any CPU.ActiveCfg = Debug|Any CPU
		{28E12421-0367-418E-B31D-B74330A60BBD}.Debug|Any CPU.Build.0 = Debug|Any CPU
		{28E12421-0367-418E-B31D-B74330A60BBD}.Release|Any CPU.ActiveCfg = Release|Any CPU
		{28E12421-0367-418E-B31D-B74330A60BBD}.Release|Any CPU.Build.0 = Release|Any CPU
	EndGlobalSection
	GlobalSection(SolutionProperties) = preSolution
		HideSolutionNode = FALSE
	EndGlobalSection
	GlobalSection(ExtensibilityGlobals) = postSolution
		SolutionGuid = {A2930102-1748-4D38-B1E1-AD8EEF8B5FA4}
	EndGlobalSection
EndGlobal
